
Microsoft Visual Studio Solution File, Format Version 12.00
# Visual Studio Version 16
VisualStudioVersion = 16.0.31729.503
MinimumVisualStudioVersion = 10.0.40219.1
Project("{FAE04EC0-301F-11D3-BF4B-00C04F79EFBC}") = "MvcViewComponent2", "MvcViewComponent2\MvcViewComponent2.csproj", "{709E0F5A-96BE-4131-9265-579A4BDC3581}"
EndProject
Global
	GlobalSection(SolutionConfigurationPlatforms) = preSolution
		Debug|Any CPU = Debug|Any CPU
		Release|Any CPU = Release|Any CPU
	EndGlobalSection
	GlobalSection(ProjectConfigurationPlatforms) = postSolution
		{709E0F5A-96BE-4131-9265-579A4BDC3581}.Debug|Any CPU.ActiveCfg = Debug|Any CPU
		{709E0F5A-96BE-4131-9265-579A4BDC3581}.Debug|Any CPU.Build.0 = Debug|Any CPU
		{709E0F5A-96BE-4131-9265-579A4BDC3581}.Release|Any CPU.ActiveCfg = Release|Any CPU
		{709E0F5A-96BE-4131-9265-579A4BDC3581}.Release|Any CPU.Build.0 = Release|Any CPU
	EndGlobalSection
	GlobalSection(SolutionProperties) = preSolution
		HideSolutionNode = FALSE
	EndGlobalSection
	GlobalSection(ExtensibilityGlobals) = postSolution
		SolutionGuid = {C9E92915-E5CF-47C6-92C6-B424A94EFD7B}
	EndGlobalSection
EndGlobal
